{
  "version": 4,
  "terraform_version": "1.5.7",
  "serial": 6,
  "lineage": "24b28974-93c5-3f6d-44f2-cfa04e12e7a4",
  "outputs": {
    "instances_public_ips": {
      "value": {
        "k8s-app": "89.169.158.206",
        "k8s-master": "93.77.177.208",
        "srv": "111.88.247.184"
      },
      "type": [
        "object",
        {
          "k8s-app": "string",
          "k8s-master": "string",
          "srv": "string"
        }
      ]
    }
  },
  "resources": [
    {
      "mode": "data",
      "type": "yandex_compute_image",
      "name": "ubuntu",
      "provider": "provider[\"registry.terraform.io/yandex-cloud/yandex\"]",
      "instances": [
        {
          "schema_version": 0,
          "attributes": {
            "created_at": "2026-06-01T18:28:15Z",
            "description": "Ubuntu 22.04 lts v20260522030118",
            "family": "ubuntu-2204-lts",
            "folder_id": "standard-images",
            "hardware_generation": [
              {
                "generation2_features": [],
                "legacy_features": [
                  {
                    "pci_topology": "PCI_TOPOLOGY_V2"
                  }
                ]
              }
            ],
            "id": "fd8mahia97gsdvobu213",
            "image_id": "fd8mahia97gsdvobu213",
            "kms_key_id": null,
            "labels": {
              "version": "20260522030118",
              "x-hopper-operation-id": "d9pdko5si9bos04r4gj5",
              "x-hopper-source-image-id": "fd81hj2jbv17eh0gfdt7"
            },
            "min_disk_size": 8,
            "name": "ubuntu-22-04-lts-v20260601",
            "os_type": "linux",
            "pooled": true,
            "product_ids": [
              "f2e13u803askhfubikv5"
            ],
            "size": 2,
            "status": "ready"
          },
          "sensitive_attributes": []
        }
      ]
    },
    {
      "mode": "managed",
      "type": "yandex_compute_instance",
      "name": "nodes",
      "provider": "provider[\"registry.terraform.io/yandex-cloud/yandex\"]",
      "instances": [
        {
          "index_key": "k8s-app",
          "schema_version": 1,
          "attributes": {
            "allow_recreate": null,
            "allow_stopping_for_update": null,
            "boot_disk": [
              {
                "auto_delete": true,
                "device_name": "fhm4srjbrg8v98oofvcr",
                "disk_id": "fhm4srjbrg8v98oofvcr",
                "initialize_params": [
                  {
                    "block_size": 4096,
                    "description": "",
                    "image_id": "fd8mahia97gsdvobu213",
                    "kms_key_id": "",
                    "name": "",
                    "size": 30,
                    "snapshot_id": "",
                    "type": "network-ssd"
                  }
                ],
                "mode": "READ_WRITE"
              }
            ],
            "created_at": "2026-06-04T14:00:24Z",
            "description": "",
            "filesystem": [],
            "folder_id": "b1guv47rkkt2qdv1erga",
            "fqdn": "k8s-app.ru-central1.internal",
            "gpu_cluster_id": "",
            "hardware_generation": [
              {
                "generation2_features": [],
                "legacy_features": [
                  {
                    "pci_topology": "PCI_TOPOLOGY_V2"
                  }
                ]
              }
            ],
            "hostname": "k8s-app",
            "id": "fhmed1teo4kijmviknmv",
            "labels": null,
            "local_disk": [],
            "maintenance_grace_period": "",
            "maintenance_policy": null,
            "metadata": {
              "ssh-keys": "ubuntu:ssh-rsa AAAAB3NzaC1yc2EAAAADAQABAAACAQDWaDusdfZCU4CN2aISdmaXnMMh1Ov9VRaPrVs5AUDFDLgc1dT/5YXuzvBfxRoaBYBl30J3tz0IOvH2oECrZp3Dtc++T+5zMkO1FXCzv3RATzgwleBZYpE77u2hdPS0bY4+570FDEP7bW3qA5cyEB6COLrz9vuS26lbkxH9l0nkDwFfLeJmFAOhl8pc7XjkiH3yAzzVNfwFiFtB6AYcTaSYGSnFT5M0bmwsioathtA3vxdFkVheryhQtv6L57I9DqdUKuXwSbYHP9DgFvyQWmuLpgfh/aYgw5a69C4lGiSgo/4cmKsG+tqwQsU4L/hmVHHzyJEF4/uDCPhTS9j2qsAThQFhWXaEi1muE7qdQIP3EmWSzzrBjavBi5AVqL8plsGxrOrMsfM9iPKImKCESfI/jZEH8cHgfuawCB3Cb5VkUkyBjrG3oMRG1OfmbCcOeH6bO1Smu5O6c+6yQJJuhIoSOxAb8dGR+X+3DBfpvdZOdL563ybD0x/Ke9xPGP2OS5h0M8NaK5XmUdxlrYTp2bo29w79H9R5uYCYJTwdV1txNJWtkJajUYztZeJt/8FGGoS8H+M9toisVeH9YiXWVf33/yk7RDcf1/ohJYWzEPnE1FCp8QWvA6LJF/o2xAxuoXnB+Us3p3FwFCE9AzSeSN8ibM05QVswua569r2siLzIlw== root@GIGACHADPC\n"
            },
            "metadata_options": [
              {
                "aws_v1_http_endpoint": 1,
                "aws_v1_http_token": 2,
                "aws_v2_http_endpoint": 1,
                "aws_v2_http_token": 1,
                "gce_http_endpoint": 1,
                "gce_http_token": 1
              }
            ],
            "name": "k8s-app",
            "network_acceleration_type": "standard",
            "network_interface": [
              {
                "dns_record": [],
                "index": 0,
                "ip_address": "10.240.0.35",
                "ipv4": true,
                "ipv6": false,
                "ipv6_address": "",
                "ipv6_dns_record": [],
                "mac_address": "d0:0d:e6:87:ae:c1",
                "nat": true,
                "nat_dns_record": [],
                "nat_ip_address": "89.169.158.206",
                "nat_ip_version": "IPV4",
                "security_group_ids": null,
                "subnet_id": "e9bi2f6jmb7b9a95liou"
              }
            ],
            "placement_policy": [
              {
                "host_affinity_rules": [],
                "placement_group_id": "",
                "placement_group_partition": 0
              }
            ],
            "platform_id": "standard-v3",
            "resources": [
              {
                "core_fraction": 100,
                "cores": 2,
                "gpus": 0,
                "memory": 4
              }
            ],
            "scheduling_policy": [
              {
                "preemptible": false
              }
            ],
            "secondary_disk": [],
            "service_account_id": "",
            "status": "running",
            "timeouts": null,
            "zone": "ru-central1-a"
          },
          "sensitive_attributes": [],
          "private": "eyJlMmJmYjczMC1lY2FhLTExZTYtOGY4OC0zNDM2M2JjN2M0YzAiOnsiY3JlYXRlIjozMDAwMDAwMDAwMDAsImRlbGV0ZSI6MzAwMDAwMDAwMDAwLCJ1cGRhdGUiOjMwMDAwMDAwMDAwMH0sInNjaGVtYV92ZXJzaW9uIjoiMSJ9",
          "dependencies": [
            "data.yandex_compute_image.ubuntu",
            "yandex_vpc_network.k8s_network",
            "yandex_vpc_subnet.k8s_subnet"
          ]
        },
        {
          "index_key": "k8s-master",
          "schema_version": 1,
          "attributes": {
            "allow_recreate": null,
            "allow_stopping_for_update": null,
            "boot_disk": [
              {
                "auto_delete": true,
                "device_name": "fhmi76jkalr7g22h4h33",
                "disk_id": "fhmi76jkalr7g22h4h33",
                "initialize_params": [
                  {
                    "block_size": 4096,
                    "description": "",
                    "image_id": "fd8mahia97gsdvobu213",
                    "kms_key_id": "",
                    "name": "",
                    "size": 30,
                    "snapshot_id": "",
                    "type": "network-ssd"
                  }
                ],
                "mode": "READ_WRITE"
              }
            ],
            "created_at": "2026-06-04T14:00:24Z",
            "description": "",
            "filesystem": [],
            "folder_id": "b1guv47rkkt2qdv1erga",
            "fqdn": "k8s-master.ru-central1.internal",
            "gpu_cluster_id": "",
            "hardware_generation": [
              {
                "generation2_features": [],
                "legacy_features": [
                  {
                    "pci_topology": "PCI_TOPOLOGY_V2"
                  }
                ]
              }
            ],
            "hostname": "k8s-master",
            "id": "fhmvvgiu876qlv8ljodj",
            "labels": null,
            "local_disk": [],
            "maintenance_grace_period": "",
            "maintenance_policy": null,
            "metadata": {
              "ssh-keys": "ubuntu:ssh-rsa AAAAB3NzaC1yc2EAAAADAQABAAACAQDWaDusdfZCU4CN2aISdmaXnMMh1Ov9VRaPrVs5AUDFDLgc1dT/5YXuzvBfxRoaBYBl30J3tz0IOvH2oECrZp3Dtc++T+5zMkO1FXCzv3RATzgwleBZYpE77u2hdPS0bY4+570FDEP7bW3qA5cyEB6COLrz9vuS26lbkxH9l0nkDwFfLeJmFAOhl8pc7XjkiH3yAzzVNfwFiFtB6AYcTaSYGSnFT5M0bmwsioathtA3vxdFkVheryhQtv6L57I9DqdUKuXwSbYHP9DgFvyQWmuLpgfh/aYgw5a69C4lGiSgo/4cmKsG+tqwQsU4L/hmVHHzyJEF4/uDCPhTS9j2qsAThQFhWXaEi1muE7qdQIP3EmWSzzrBjavBi5AVqL8plsGxrOrMsfM9iPKImKCESfI/jZEH8cHgfuawCB3Cb5VkUkyBjrG3oMRG1OfmbCcOeH6bO1Smu5O6c+6yQJJuhIoSOxAb8dGR+X+3DBfpvdZOdL563ybD0x/Ke9xPGP2OS5h0M8NaK5XmUdxlrYTp2bo29w79H9R5uYCYJTwdV1txNJWtkJajUYztZeJt/8FGGoS8H+M9toisVeH9YiXWVf33/yk7RDcf1/ohJYWzEPnE1FCp8QWvA6LJF/o2xAxuoXnB+Us3p3FwFCE9AzSeSN8ibM05QVswua569r2siLzIlw== root@GIGACHADPC\n"
            },
            "metadata_options": [
              {
                "aws_v1_http_endpoint": 1,
                "aws_v1_http_token": 2,
                "aws_v2_http_endpoint": 1,
                "aws_v2_http_token": 1,
                "gce_http_endpoint": 1,
                "gce_http_token": 1
              }
            ],
            "name": "k8s-master",
            "network_acceleration_type": "standard",
            "network_interface": [
              {
                "dns_record": [],
                "index": 0,
                "ip_address": "10.240.0.31",
                "ipv4": true,
                "ipv6": false,
                "ipv6_address": "",
                "ipv6_dns_record": [],
                "mac_address": "d0:0d:1f:fc:25:e4",
                "nat": true,
                "nat_dns_record": [],
                "nat_ip_address": "93.77.177.208",
                "nat_ip_version": "IPV4",
                "security_group_ids": null,
                "subnet_id": "e9bi2f6jmb7b9a95liou"
              }
            ],
            "placement_policy": [
              {
                "host_affinity_rules": [],
                "placement_group_id": "",
                "placement_group_partition": 0
              }
            ],
            "platform_id": "standard-v3",
            "resources": [
              {
                "core_fraction": 100,
                "cores": 2,
                "gpus": 0,
                "memory": 4
              }
            ],
            "scheduling_policy": [
              {
                "preemptible": false
              }
            ],
            "secondary_disk": [],
            "service_account_id": "",
            "status": "running",
            "timeouts": null,
            "zone": "ru-central1-a"
          },
          "sensitive_attributes": [],
          "private": "eyJlMmJmYjczMC1lY2FhLTExZTYtOGY4OC0zNDM2M2JjN2M0YzAiOnsiY3JlYXRlIjozMDAwMDAwMDAwMDAsImRlbGV0ZSI6MzAwMDAwMDAwMDAwLCJ1cGRhdGUiOjMwMDAwMDAwMDAwMH0sInNjaGVtYV92ZXJzaW9uIjoiMSJ9",
          "dependencies": [
            "data.yandex_compute_image.ubuntu",
            "yandex_vpc_network.k8s_network",
            "yandex_vpc_subnet.k8s_subnet"
          ]
        },
        {
          "index_key": "srv",
          "schema_version": 1,
          "attributes": {
            "allow_recreate": null,
            "allow_stopping_for_update": null,
            "boot_disk": [
              {
                "auto_delete": true,
                "device_name": "fhme4h1ggk7ucv668eje",
                "disk_id": "fhme4h1ggk7ucv668eje",
                "initialize_params": [
                  {
                    "block_size": 4096,
                    "description": "",
                    "image_id": "fd8mahia97gsdvobu213",
                    "kms_key_id": "",
                    "name": "",
                    "size": 30,
                    "snapshot_id": "",
                    "type": "network-ssd"
                  }
                ],
                "mode": "READ_WRITE"
              }
            ],
            "created_at": "2026-06-04T14:00:24Z",
            "description": "",
            "filesystem": [],
            "folder_id": "b1guv47rkkt2qdv1erga",
            "fqdn": "srv.ru-central1.internal",
            "gpu_cluster_id": "",
            "hardware_generation": [
              {
                "generation2_features": [],
                "legacy_features": [
                  {
                    "pci_topology": "PCI_TOPOLOGY_V2"
                  }
                ]
              }
            ],
            "hostname": "srv",
            "id": "fhmuijeei0ihafalgfc2",
            "labels": null,
            "local_disk": [],
            "maintenance_grace_period": "",
            "maintenance_policy": null,
            "metadata": {
              "ssh-keys": "ubuntu:ssh-rsa AAAAB3NzaC1yc2EAAAADAQABAAACAQDWaDusdfZCU4CN2aISdmaXnMMh1Ov9VRaPrVs5AUDFDLgc1dT/5YXuzvBfxRoaBYBl30J3tz0IOvH2oECrZp3Dtc++T+5zMkO1FXCzv3RATzgwleBZYpE77u2hdPS0bY4+570FDEP7bW3qA5cyEB6COLrz9vuS26lbkxH9l0nkDwFfLeJmFAOhl8pc7XjkiH3yAzzVNfwFiFtB6AYcTaSYGSnFT5M0bmwsioathtA3vxdFkVheryhQtv6L57I9DqdUKuXwSbYHP9DgFvyQWmuLpgfh/aYgw5a69C4lGiSgo/4cmKsG+tqwQsU4L/hmVHHzyJEF4/uDCPhTS9j2qsAThQFhWXaEi1muE7qdQIP3EmWSzzrBjavBi5AVqL8plsGxrOrMsfM9iPKImKCESfI/jZEH8cHgfuawCB3Cb5VkUkyBjrG3oMRG1OfmbCcOeH6bO1Smu5O6c+6yQJJuhIoSOxAb8dGR+X+3DBfpvdZOdL563ybD0x/Ke9xPGP2OS5h0M8NaK5XmUdxlrYTp2bo29w79H9R5uYCYJTwdV1txNJWtkJajUYztZeJt/8FGGoS8H+M9toisVeH9YiXWVf33/yk7RDcf1/ohJYWzEPnE1FCp8QWvA6LJF/o2xAxuoXnB+Us3p3FwFCE9AzSeSN8ibM05QVswua569r2siLzIlw== root@GIGACHADPC\n"
            },
            "metadata_options": [
              {
                "aws_v1_http_endpoint": 1,
                "aws_v1_http_token": 2,
                "aws_v2_http_endpoint": 1,
                "aws_v2_http_token": 1,
                "gce_http_endpoint": 1,
                "gce_http_token": 1
              }
            ],
            "name": "srv",
            "network_acceleration_type": "standard",
            "network_interface": [
              {
                "dns_record": [],
                "index": 0,
                "ip_address": "10.240.0.21",
                "ipv4": true,
                "ipv6": false,
                "ipv6_address": "",
                "ipv6_dns_record": [],
                "mac_address": "d0:0d:1e:94:dc:e9",
                "nat": true,
                "nat_dns_record": [],
                "nat_ip_address": "111.88.247.184",
                "nat_ip_version": "IPV4",
                "security_group_ids": null,
                "subnet_id": "e9bi2f6jmb7b9a95liou"
              }
            ],
            "placement_policy": [
              {
                "host_affinity_rules": [],
                "placement_group_id": "",
                "placement_group_partition": 0
              }
            ],
            "platform_id": "standard-v3",
            "resources": [
              {
                "core_fraction": 100,
                "cores": 2,
                "gpus": 0,
                "memory": 4
              }
            ],
            "scheduling_policy": [
              {
                "preemptible": false
              }
            ],
            "secondary_disk": [],
            "service_account_id": "",
            "status": "running",
            "timeouts": null,
            "zone": "ru-central1-a"
          },
          "sensitive_attributes": [],
          "private": "eyJlMmJmYjczMC1lY2FhLTExZTYtOGY4OC0zNDM2M2JjN2M0YzAiOnsiY3JlYXRlIjozMDAwMDAwMDAwMDAsImRlbGV0ZSI6MzAwMDAwMDAwMDAwLCJ1cGRhdGUiOjMwMDAwMDAwMDAwMH0sInNjaGVtYV92ZXJzaW9uIjoiMSJ9",
          "dependencies": [
            "data.yandex_compute_image.ubuntu",
            "yandex_vpc_network.k8s_network",
            "yandex_vpc_subnet.k8s_subnet"
          ]
        }
      ]
    },
    {
      "mode": "managed",
      "type": "yandex_vpc_network",
      "name": "k8s_network",
      "provider": "provider[\"registry.terraform.io/yandex-cloud/yandex\"]",
      "instances": [
        {
          "schema_version": 0,
          "attributes": {
            "created_at": "2026-06-04T14:00:21Z",
            "default_security_group_id": "enp9nqmq7nu883lv2jdm",
            "description": "",
            "folder_id": "b1guv47rkkt2qdv1erga",
            "id": "enp93d4686rfhs3g3oba",
            "labels": {},
            "name": "k8s-network",
            "subnet_ids": [],
            "timeouts": null
          },
          "sensitive_attributes": [],
          "private": "eyJlMmJmYjczMC1lY2FhLTExZTYtOGY4OC0zNDM2M2JjN2M0YzAiOnsiY3JlYXRlIjo2MDAwMDAwMDAwMCwiZGVsZXRlIjo2MDAwMDAwMDAwMCwidXBkYXRlIjo2MDAwMDAwMDAwMH19"
        }
      ]
    },
    {
      "mode": "managed",
      "type": "yandex_vpc_subnet",
      "name": "k8s_subnet",
      "provider": "provider[\"registry.terraform.io/yandex-cloud/yandex\"]",
      "instances": [
        {
          "schema_version": 0,
          "attributes": {
            "created_at": "2026-06-04T14:00:23Z",
            "description": "",
            "dhcp_options": [],
            "folder_id": "b1guv47rkkt2qdv1erga",
            "id": "e9bi2f6jmb7b9a95liou",
            "labels": {},
            "name": "k8s-subnet",
            "network_id": "enp93d4686rfhs3g3oba",
            "route_table_id": "",
            "timeouts": null,
            "v4_cidr_blocks": [
              "10.240.0.0/24"
            ],
            "v6_cidr_blocks": [],
            "zone": "ru-central1-a"
          },
          "sensitive_attributes": [],
          "private": "eyJlMmJmYjczMC1lY2FhLTExZTYtOGY4OC0zNDM2M2JjN2M0YzAiOnsiY3JlYXRlIjoxODAwMDAwMDAwMDAsImRlbGV0ZSI6MTgwMDAwMDAwMDAwLCJ1cGRhdGUiOjE4MDAwMDAwMDAwMH19",
          "dependencies": [
            "yandex_vpc_network.k8s_network"
          ]
        }
      ]
    }
  ],
  "check_results": null
}
